
Microsoft Visual Studio Solution File, Format Version 12.00
# Visual Studio Version 17
VisualStudioVersion = 17.5.33502.453
MinimumVisualStudioVersion = 10.0.40219.1
Project("{FAE04EC0-301F-11D3-BF4B-00C04F79EFBC}") = "TestWorkApp1", "TestWorkApp1\TestWorkApp1.csproj", "{9E51CCE1-E8E4-4237-B82E-CB396924A6C0}"
EndProject
Global
	GlobalSection(SolutionConfigurationPlatforms) = preSolution
		Debug|Any CPU = Debug|Any CPU
		Release|Any CPU = Release|Any CPU
	EndGlobalSection
	GlobalSection(ProjectConfigurationPlatforms) = postSolution
		{9E51CCE1-E8E4-4237-B82E-CB396924A6C0}.Debug|Any CPU.ActiveCfg = Debug|Any CPU
		{9E51CCE1-E8E4-4237-B82E-CB396924A6C0}.Debug|Any CPU.Build.0 = Debug|Any CPU
		{9E51CCE1-E8E4-4237-B82E-CB396924A6C0}.Release|Any CPU.ActiveCfg = Release|Any CPU
		{9E51CCE1-E8E4-4237-B82E-CB396924A6C0}.Release|Any CPU.Build.0 = Release|Any CPU
	EndGlobalSection
	GlobalSection(SolutionProperties) = preSolution
		HideSolutionNode = FALSE
	EndGlobalSection
	GlobalSection(ExtensibilityGlobals) = postSolution
		SolutionGuid = {40052613-67CC-4B84-BBAA-3CDEDC0E844E}
	EndGlobalSection
EndGlobal
